// !$*UTF8*$!
{
	archiveVersion = 1;
	classes = {
	};
	objectVersion = 56;
	objects = {

/* Begin PBXBuildFile section */
		1F912F102C2B42BE005F8A2A /* AppDelegate.swift in Sources */ = {isa = PBXBuildFile; fileRef = 1F912F0F2C2B42BE005F8A2A /* AppDelegate.swift */; };
		1F912F122C2B42BE005F8A2A /* SceneDelegate.swift in Sources */ = {isa = PBXBuildFile; fileRef = 1F912F112C2B42BE005F8A2A /* SceneDelegate.swift */; };
		1F912F142C2B42BE005F8A2A /* SummaryViewController.swift in Sources */ = {isa = PBXBuildFile; fileRef = 1F912F132C2B42BE005F8A2A /* SummaryViewController.swift */; };
		1F912F192C2B42BF005F8A2A /* Assets.xcassets in Resources */ = {isa = PBXBuildFile; fileRef = 1F912F182C2B42BF005F8A2A /* Assets.xcassets */; };
		1F912F1C2C2B42BF005F8A2A /* Base in Resources */ = {isa = PBXBuildFile; fileRef = 1F912F1B2C2B42BF005F8A2A /* Base */; };
		1F912F272C2B42BF005F8A2A /* SearchViewModelTest.swift in Sources */ = {isa = PBXBuildFile; fileRef = 1F912F262C2B42BF005F8A2A /* SearchViewModelTest.swift */; };
		1F912F402C2B4CD1005F8A2A /* SummaryViewModel.swift in Sources */ = {isa = PBXBuildFile; fileRef = 1F912F3F2C2B4CD1005F8A2A /* SummaryViewModel.swift */; };
		1F912F442C2B4EF6005F8A2A /* MockRepository.swift in Sources */ = {isa = PBXBuildFile; fileRef = 1F912F432C2B4EF6005F8A2A /* MockRepository.swift */; };
		1F912F472C2B4F47005F8A2A /* AirQualityRepository.swift in Sources */ = {isa = PBXBuildFile; fileRef = 1F912F462C2B4F47005F8A2A /* AirQualityRepository.swift */; };
		1F912F492C2B59ED005F8A2A /* LocationProvider.swift in Sources */ = {isa = PBXBuildFile; fileRef = 1F912F482C2B59ED005F8A2A /* LocationProvider.swift */; };
		1F912F4B2C2CB29C005F8A2A /* DaySummary.swift in Sources */ = {isa = PBXBuildFile; fileRef = 1F912F4A2C2CB29C005F8A2A /* DaySummary.swift */; };
		1F912F4D2C2D2A77005F8A2A /* AirQualityRepositoryTest.swift in Sources */ = {isa = PBXBuildFile; fileRef = 1F912F4C2C2D2A77005F8A2A /* AirQualityRepositoryTest.swift */; };
		1F912F4F2C2DEE7A005F8A2A /* AirQualityWebService.swift in Sources */ = {isa = PBXBuildFile; fileRef = 1F912F4E2C2DEE7A005F8A2A /* AirQualityWebService.swift */; };
		1F912F522C2DEED3005F8A2A /* RemoteService.swift in Sources */ = {isa = PBXBuildFile; fileRef = 1F912F512C2DEED3005F8A2A /* RemoteService.swift */; };
		1F912F542C2DEF3D005F8A2A /* AirQualityServiceError.swift in Sources */ = {isa = PBXBuildFile; fileRef = 1F912F532C2DEF3D005F8A2A /* AirQualityServiceError.swift */; };
		1F912F562C2DF258005F8A2A /* AirQualityServiceMock.swift in Sources */ = {isa = PBXBuildFile; fileRef = 1F912F552C2DF258005F8A2A /* AirQualityServiceMock.swift */; };
		1F912F582C2E2672005F8A2A /* MockLocationProvider.swift in Sources */ = {isa = PBXBuildFile; fileRef = 1F912F572C2E2672005F8A2A /* MockLocationProvider.swift */; };
		1F912F5D2C2E40DB005F8A2A /* SummaryRectangleCell.swift in Sources */ = {isa = PBXBuildFile; fileRef = 1F912F5C2C2E40DB005F8A2A /* SummaryRectangleCell.swift */; };
		1F912F5F2C2E4A05005F8A2A /* AirQualitySeverityStyling.swift in Sources */ = {isa = PBXBuildFile; fileRef = 1F912F5E2C2E4A05005F8A2A /* AirQualitySeverityStyling.swift */; };
		1F912F612C2E966B005F8A2A /* StationInfoView.swift in Sources */ = {isa = PBXBuildFile; fileRef = 1F912F602C2E966B005F8A2A /* StationInfoView.swift */; };
		1F912F632C2E9EBF005F8A2A /* SearchViewModel.swift in Sources */ = {isa = PBXBuildFile; fileRef = 1F912F622C2E9EBF005F8A2A /* SearchViewModel.swift */; };
		1F912F652C2E9ECA005F8A2A /* SearchViewController.swift in Sources */ = {isa = PBXBuildFile; fileRef = 1F912F642C2E9ECA005F8A2A /* SearchViewController.swift */; };
		1F912F672C2EA286005F8A2A /* SearchWebService.swift in Sources */ = {isa = PBXBuildFile; fileRef = 1F912F662C2EA286005F8A2A /* SearchWebService.swift */; };
		1F912F692C2EA338005F8A2A /* SearchRepository.swift in Sources */ = {isa = PBXBuildFile; fileRef = 1F912F682C2EA338005F8A2A /* SearchRepository.swift */; };
		1F912F6B2C2EA53C005F8A2A /* SearchResponse.swift in Sources */ = {isa = PBXBuildFile; fileRef = 1F912F6A2C2EA53C005F8A2A /* SearchResponse.swift */; };
		1F912F6F2C2F3CFA005F8A2A /* DateHelper.swift in Sources */ = {isa = PBXBuildFile; fileRef = 1F912F6E2C2F3CFA005F8A2A /* DateHelper.swift */; };
/* End PBXBuildFile section */

/* Begin PBXContainerItemProxy section */
		1F912F232C2B42BF005F8A2A /* PBXContainerItemProxy */ = {
			isa = PBXContainerItemProxy;
			containerPortal = 1F912F042C2B42BE005F8A2A /* Project object */;
			proxyType = 1;
			remoteGlobalIDString = 1F912F0B2C2B42BE005F8A2A;
			remoteInfo = AQIndex;
		};
/* End PBXContainerItemProxy section */

/* Begin PBXFileReference section */
		1F912F0C2C2B42BE005F8A2A /* AQIndex.app */ = {isa = PBXFileReference; explicitFileType = wrapper.application; includeInIndex = 0; path = AQIndex.app; sourceTree = BUILT_PRODUCTS_DIR; };
		1F912F0F2C2B42BE005F8A2A /* AppDelegate.swift */ = {isa = PBXFileReference; lastKnownFileType = sourcecode.swift; path = AppDelegate.swift; sourceTree = "<group>"; };
		1F912F112C2B42BE005F8A2A /* SceneDelegate.swift */ = {isa = PBXFileReference; lastKnownFileType = sourcecode.swift; path = SceneDelegate.swift; sourceTree = "<group>"; };
		1F912F132C2B42BE005F8A2A /* SummaryViewController.swift */ = {isa = PBXFileReference; lastKnownFileType = sourcecode.swift; path = SummaryViewController.swift; sourceTree = "<group>"; };
		1F912F182C2B42BF005F8A2A /* Assets.xcassets */ = {isa = PBXFileReference; lastKnownFileType = folder.assetcatalog; path = Assets.xcassets; sourceTree = "<group>"; };
		1F912F1B2C2B42BF005F8A2A /* Base */ = {isa = PBXFileReference; lastKnownFileType = file.storyboard; name = Base; path = Base.lproj/LaunchScreen.storyboard; sourceTree = "<group>"; };
		1F912F1D2C2B42BF005F8A2A /* Info.plist */ = {isa = PBXFileReference; lastKnownFileType = text.plist.xml; path = Info.plist; sourceTree = "<group>"; };
		1F912F222C2B42BF005F8A2A /* AQIndexTests.xctest */ = {isa = PBXFileReference; explicitFileType = wrapper.cfbundle; includeInIndex = 0; path = AQIndexTests.xctest; sourceTree = BUILT_PRODUCTS_DIR; };
		1F912F262C2B42BF005F8A2A /* SearchViewModelTest.swift */ = {isa = PBXFileReference; lastKnownFileType = sourcecode.swift; path = SearchViewModelTest.swift; sourceTree = "<group>"; };
		1F912F3F2C2B4CD1005F8A2A /* SummaryViewModel.swift */ = {isa = PBXFileReference; lastKnownFileType = sourcecode.swift; path = SummaryViewModel.swift; sourceTree = "<group>"; };
		1F912F432C2B4EF6005F8A2A /* MockRepository.swift */ = {isa = PBXFileReference; lastKnownFileType = sourcecode.swift; path = MockRepository.swift; sourceTree = "<group>"; };
		1F912F462C2B4F47005F8A2A /* AirQualityRepository.swift */ = {isa = PBXFileReference; lastKnownFileType = sourcecode.swift; path = AirQualityRepository.swift; sourceTree = "<group>"; };
		1F912F482C2B59ED005F8A2A /* LocationProvider.swift */ = {isa = PBXFileReference; lastKnownFileType = sourcecode.swift; path = LocationProvider.swift; sourceTree = "<group>"; };
		1F912F4A2C2CB29C005F8A2A /* DaySummary.swift */ = {isa = PBXFileReference; lastKnownFileType = sourcecode.swift; path = DaySummary.swift; sourceTree = "<group>"; };
		1F912F4C2C2D2A77005F8A2A /* AirQualityRepositoryTest.swift */ = {isa = PBXFileReference; lastKnownFileType = sourcecode.swift; path = AirQualityRepositoryTest.swift; sourceTree = "<group>"; };
		1F912F4E2C2DEE7A005F8A2A /* AirQualityWebService.swift */ = {isa = PBXFileReference; lastKnownFileType = sourcecode.swift; path = AirQualityWebService.swift; sourceTree = "<group>"; };
		1F912F512C2DEED3005F8A2A /* RemoteService.swift */ = {isa = PBXFileReference; lastKnownFileType = sourcecode.swift; path = RemoteService.swift; sourceTree = "<group>"; };
		1F912F532C2DEF3D005F8A2A /* AirQualityServiceError.swift */ = {isa = PBXFileReference; lastKnownFileType = sourcecode.swift; path = AirQualityServiceError.swift; sourceTree = "<group>"; };
		1F912F552C2DF258005F8A2A /* AirQualityServiceMock.swift */ = {isa = PBXFileReference; lastKnownFileType = sourcecode.swift; path = AirQualityServiceMock.swift; sourceTree = "<group>"; };
		1F912F572C2E2672005F8A2A /* MockLocationProvider.swift */ = {isa = PBXFileReference; lastKnownFileType = sourcecode.swift; path = MockLocationProvider.swift; sourceTree = "<group>"; };
		1F912F5C2C2E40DB005F8A2A /* SummaryRectangleCell.swift */ = {isa = PBXFileReference; lastKnownFileType = sourcecode.swift; path = SummaryRectangleCell.swift; sourceTree = "<group>"; };
		1F912F5E2C2E4A05005F8A2A /* AirQualitySeverityStyling.swift */ = {isa = PBXFileReference; lastKnownFileType = sourcecode.swift; path = AirQualitySeverityStyling.swift; sourceTree = "<group>"; };
		1F912F602C2E966B005F8A2A /* StationInfoView.swift */ = {isa = PBXFileReference; lastKnownFileType = sourcecode.swift; path = StationInfoView.swift; sourceTree = "<group>"; };
		1F912F622C2E9EBF005F8A2A /* SearchViewModel.swift */ = {isa = PBXFileReference; lastKnownFileType = sourcecode.swift; path = SearchViewModel.swift; sourceTree = "<group>"; };
		1F912F642C2E9ECA005F8A2A /* SearchViewController.swift */ = {isa = PBXFileReference; lastKnownFileType = sourcecode.swift; path = SearchViewController.swift; sourceTree = "<group>"; };
		1F912F662C2EA286005F8A2A /* SearchWebService.swift */ = {isa = PBXFileReference; lastKnownFileType = sourcecode.swift; path = SearchWebService.swift; sourceTree = "<group>"; };
		1F912F682C2EA338005F8A2A /* SearchRepository.swift */ = {isa = PBXFileReference; lastKnownFileType = sourcecode.swift; path = SearchRepository.swift; sourceTree = "<group>"; };
		1F912F6A2C2EA53C005F8A2A /* SearchResponse.swift */ = {isa = PBXFileReference; lastKnownFileType = sourcecode.swift; path = SearchResponse.swift; sourceTree = "<group>"; };
		1F912F6E2C2F3CFA005F8A2A /* DateHelper.swift */ = {isa = PBXFileReference; lastKnownFileType = sourcecode.swift; path = DateHelper.swift; sourceTree = "<group>"; };
/* End PBXFileReference section */

/* Begin PBXFrameworksBuildPhase section */
		1F912F092C2B42BE005F8A2A /* Frameworks */ = {
			isa = PBXFrameworksBuildPhase;
			buildActionMask = 2147483647;
			files = (
			);
			runOnlyForDeploymentPostprocessing = 0;
		};
		1F912F1F2C2B42BF005F8A2A /* Frameworks */ = {
			isa = PBXFrameworksBuildPhase;
			buildActionMask = 2147483647;
			files = (
			);
			runOnlyForDeploymentPostprocessing = 0;
		};
/* End PBXFrameworksBuildPhase section */

/* Begin PBXGroup section */
		1F912F032C2B42BE005F8A2A = {
			isa = PBXGroup;
			children = (
				1F912F0E2C2B42BE005F8A2A /* AQIndex */,
				1F912F252C2B42BF005F8A2A /* AQIndexTests */,
				1F912F0D2C2B42BE005F8A2A /* Products */,
			);
			sourceTree = "<group>";
		};
		1F912F0D2C2B42BE005F8A2A /* Products */ = {
			isa = PBXGroup;
			children = (
				1F912F0C2C2B42BE005F8A2A /* AQIndex.app */,
				1F912F222C2B42BF005F8A2A /* AQIndexTests.xctest */,
			);
			name = Products;
			sourceTree = "<group>";
		};
		1F912F0E2C2B42BE005F8A2A /* AQIndex */ = {
			isa = PBXGroup;
			children = (
				1F912F412C2B4CD7005F8A2A /* ViewModel */,
				1F912F5B2C2E40CA005F8A2A /* View */,
				1F912F452C2B4F3D005F8A2A /* Model */,
				1F912F0F2C2B42BE005F8A2A /* AppDelegate.swift */,
				1F912F112C2B42BE005F8A2A /* SceneDelegate.swift */,
				1F912F182C2B42BF005F8A2A /* Assets.xcassets */,
				1F912F1A2C2B42BF005F8A2A /* LaunchScreen.storyboard */,
				1F912F1D2C2B42BF005F8A2A /* Info.plist */,
			);
			path = AQIndex;
			sourceTree = "<group>";
		};
		1F912F252C2B42BF005F8A2A /* AQIndexTests */ = {
			isa = PBXGroup;
			children = (
				1F912F422C2B4EEA005F8A2A /* TestObjects */,
				1F912F4C2C2D2A77005F8A2A /* AirQualityRepositoryTest.swift */,
				1F912F262C2B42BF005F8A2A /* SearchViewModelTest.swift */,
			);
			path = AQIndexTests;
			sourceTree = "<group>";
		};
		1F912F412C2B4CD7005F8A2A /* ViewModel */ = {
			isa = PBXGroup;
			children = (
				1F912F3F2C2B4CD1005F8A2A /* SummaryViewModel.swift */,
				1F912F622C2E9EBF005F8A2A /* SearchViewModel.swift */,
			);
			path = ViewModel;
			sourceTree = "<group>";
		};
		1F912F422C2B4EEA005F8A2A /* TestObjects */ = {
			isa = PBXGroup;
			children = (
				1F912F432C2B4EF6005F8A2A /* MockRepository.swift */,
				1F912F552C2DF258005F8A2A /* AirQualityServiceMock.swift */,
				1F912F572C2E2672005F8A2A /* MockLocationProvider.swift */,
			);
			path = TestObjects;
			sourceTree = "<group>";
		};
		1F912F452C2B4F3D005F8A2A /* Model */ = {
			isa = PBXGroup;
			children = (
				1F912F6E2C2F3CFA005F8A2A /* DateHelper.swift */,
				1F912F482C2B59ED005F8A2A /* LocationProvider.swift */,
				1F912F4A2C2CB29C005F8A2A /* DaySummary.swift */,
				1F912F682C2EA338005F8A2A /* SearchRepository.swift */,
				1F912F462C2B4F47005F8A2A /* AirQualityRepository.swift */,
				1F912F502C2DEEBA005F8A2A /* Web */,
				1F912F6A2C2EA53C005F8A2A /* SearchResponse.swift */,
			);
			path = Model;
			sourceTree = "<group>";
		};
		1F912F502C2DEEBA005F8A2A /* Web */ = {
			isa = PBXGroup;
			children = (
				1F912F4E2C2DEE7A005F8A2A /* AirQualityWebService.swift */,
				1F912F512C2DEED3005F8A2A /* RemoteService.swift */,
				1F912F532C2DEF3D005F8A2A /* AirQualityServiceError.swift */,
				1F912F662C2EA286005F8A2A /* SearchWebService.swift */,
			);
			path = Web;
			sourceTree = "<group>";
		};
		1F912F5B2C2E40CA005F8A2A /* View */ = {
			isa = PBXGroup;
			children = (
				1F912F5C2C2E40DB005F8A2A /* SummaryRectangleCell.swift */,
				1F912F5E2C2E4A05005F8A2A /* AirQualitySeverityStyling.swift */,
				1F912F132C2B42BE005F8A2A /* SummaryViewController.swift */,
				1F912F602C2E966B005F8A2A /* StationInfoView.swift */,
				1F912F642C2E9ECA005F8A2A /* SearchViewController.swift */,
			);
			path = View;
			sourceTree = "<group>";
		};
/* End PBXGroup section */

/* Begin PBXNativeTarget section */
		1F912F0B2C2B42BE005F8A2A /* AQIndex */ = {
			isa = PBXNativeTarget;
			buildConfigurationList = 1F912F362C2B42BF005F8A2A /* Build configuration list for PBXNativeTarget "AQIndex" */;
			buildPhases = (
				1F912F082C2B42BE005F8A2A /* Sources */,
				1F912F092C2B42BE005F8A2A /* Frameworks */,
				1F912F0A2C2B42BE005F8A2A /* Resources */,
			);
			buildRules = (
			);
			dependencies = (
			);
			name = AQIndex;
			productName = AQIndex;
			productReference = 1F912F0C2C2B42BE005F8A2A /* AQIndex.app */;
			productType = "com.apple.product-type.application";
		};
		1F912F212C2B42BF005F8A2A /* AQIndexTests */ = {
			isa = PBXNativeTarget;
			buildConfigurationList = 1F912F392C2B42BF005F8A2A /* Build configuration list for PBXNativeTarget "AQIndexTests" */;
			buildPhases = (
				1F912F1E2C2B42BF005F8A2A /* Sources */,
				1F912F1F2C2B42BF005F8A2A /* Frameworks */,
				1F912F202C2B42BF005F8A2A /* Resources */,
			);
			buildRules = (
			);
			dependencies = (
				1F912F242C2B42BF005F8A2A /* PBXTargetDependency */,
			);
			name = AQIndexTests;
			productName = AQIndexTests;
			productReference = 1F912F222C2B42BF005F8A2A /* AQIndexTests.xctest */;
			productType = "com.apple.product-type.bundle.unit-test";
		};
/* End PBXNativeTarget section */

/* Begin PBXProject section */
		1F912F042C2B42BE005F8A2A /* Project object */ = {
			isa = PBXProject;
			attributes = {
				BuildIndependentTargetsInParallel = 1;
				LastSwiftUpdateCheck = 1540;
				LastUpgradeCheck = 1540;
				TargetAttributes = {
					1F912F0B2C2B42BE005F8A2A = {
						CreatedOnToolsVersion = 15.4;
					};
					1F912F212C2B42BF005F8A2A = {
						CreatedOnToolsVersion = 15.4;
						TestTargetID = 1F912F0B2C2B42BE005F8A2A;
					};
				};
			};
			buildConfigurationList = 1F912F072C2B42BE005F8A2A /* Build configuration list for PBXProject "AQIndex" */;
			compatibilityVersion = "Xcode 14.0";
			developmentRegion = en;
			hasScannedForEncodings = 0;
			knownRegions = (
				en,
				Base,
			);
			mainGroup = 1F912F032C2B42BE005F8A2A;
			productRefGroup = 1F912F0D2C2B42BE005F8A2A /* Products */;
			projectDirPath = "";
			projectRoot = "";
			targets = (
				1F912F0B2C2B42BE005F8A2A /* AQIndex */,
				1F912F212C2B42BF005F8A2A /* AQIndexTests */,
			);
		};
/* End PBXProject section */

/* Begin PBXResourcesBuildPhase section */
		1F912F0A2C2B42BE005F8A2A /* Resources */ = {
			isa = PBXResourcesBuildPhase;
			buildActionMask = 2147483647;
			files = (
				1F912F192C2B42BF005F8A2A /* Assets.xcassets in Resources */,
				1F912F1C2C2B42BF005F8A2A /* Base in Resources */,
			);
			runOnlyForDeploymentPostprocessing = 0;
		};
		1F912F202C2B42BF005F8A2A /* Resources */ = {
			isa = PBXResourcesBuildPhase;
			buildActionMask = 2147483647;
			files = (
			);
			runOnlyForDeploymentPostprocessing = 0;
		};
/* End PBXResourcesBuildPhase section */

/* Begin PBXSourcesBuildPhase section */
		1F912F082C2B42BE005F8A2A /* Sources */ = {
			isa = PBXSourcesBuildPhase;
			buildActionMask = 2147483647;
			files = (
				1F912F652C2E9ECA005F8A2A /* SearchViewController.swift in Sources */,
				1F912F5D2C2E40DB005F8A2A /* SummaryRectangleCell.swift in Sources */,
				1F912F692C2EA338005F8A2A /* SearchRepository.swift in Sources */,
				1F912F4B2C2CB29C005F8A2A /* DaySummary.swift in Sources */,
				1F912F522C2DEED3005F8A2A /* RemoteService.swift in Sources */,
				1F912F4F2C2DEE7A005F8A2A /* AirQualityWebService.swift in Sources */,
				1F912F402C2B4CD1005F8A2A /* SummaryViewModel.swift in Sources */,
				1F912F672C2EA286005F8A2A /* SearchWebService.swift in Sources */,
				1F912F6B2C2EA53C005F8A2A /* SearchResponse.swift in Sources */,
				1F912F6F2C2F3CFA005F8A2A /* DateHelper.swift in Sources */,
				1F912F142C2B42BE005F8A2A /* SummaryViewController.swift in Sources */,
				1F912F472C2B4F47005F8A2A /* AirQualityRepository.swift in Sources */,
				1F912F492C2B59ED005F8A2A /* LocationProvider.swift in Sources */,
				1F912F632C2E9EBF005F8A2A /* SearchViewModel.swift in Sources */,
				1F912F5F2C2E4A05005F8A2A /* AirQualitySeverityStyling.swift in Sources */,
				1F912F612C2E966B005F8A2A /* StationInfoView.swift in Sources */,
				1F912F542C2DEF3D005F8A2A /* AirQualityServiceError.swift in Sources */,
				1F912F102C2B42BE005F8A2A /* AppDelegate.swift in Sources */,
				1F912F122C2B42BE005F8A2A /* SceneDelegate.swift in Sources */,
			);
			runOnlyForDeploymentPostprocessing = 0;
		};
		1F912F1E2C2B42BF005F8A2A /* Sources */ = {
			isa = PBXSourcesBuildPhase;
			buildActionMask = 2147483647;
			files = (
				1F912F272C2B42BF005F8A2A /* SearchViewModelTest.swift in Sources */,
				1F912F582C2E2672005F8A2A /* MockLocationProvider.swift in Sources */,
				1F912F442C2B4EF6005F8A2A /* MockRepository.swift in Sources */,
				1F912F562C2DF258005F8A2A /* AirQualityServiceMock.swift in Sources */,
				1F912F4D2C2D2A77005F8A2A /* AirQualityRepositoryTest.swift in Sources */,
			);
			runOnlyForDeploymentPostprocessing = 0;
		};
/* End PBXSourcesBuildPhase section */

/* Begin PBXTargetDependency section */
		1F912F242C2B42BF005F8A2A /* PBXTargetDependency */ = {
			isa = PBXTargetDependency;
			target = 1F912F0B2C2B42BE005F8A2A /* AQIndex */;
			targetProxy = 1F912F232C2B42BF005F8A2A /* PBXContainerItemProxy */;
		};
/* End PBXTargetDependency section */

/* Begin PBXVariantGroup section */
		1F912F1A2C2B42BF005F8A2A /* LaunchScreen.storyboard */ = {
			isa = PBXVariantGroup;
			children = (
				1F912F1B2C2B42BF005F8A2A /* Base */,
			);
			name = LaunchScreen.storyboard;
			sourceTree = "<group>";
		};
/* End PBXVariantGroup section */

/* Begin XCBuildConfiguration section */
		1F912F342C2B42BF005F8A2A /* Debug */ = {
			isa = XCBuildConfiguration;
			buildSettings = {
				ALWAYS_SEARCH_USER_PATHS = NO;
				ASSETCATALOG_COMPILER_GENERATE_SWIFT_ASSET_SYMBOL_EXTENSIONS = YES;
				CLANG_ANALYZER_NONNULL = YES;
				CLANG_ANALYZER_NUMBER_OBJECT_CONVERSION = YES_AGGRESSIVE;
				CLANG_CXX_LANGUAGE_STANDARD = "gnu++20";
				CLANG_ENABLE_MODULES = YES;
				CLANG_ENABLE_OBJC_ARC = YES;
				CLANG_ENABLE_OBJC_WEAK = YES;
				CLANG_WARN_BLOCK_CAPTURE_AUTORELEASING = YES;
				CLANG_WARN_BOOL_CONVERSION = YES;
				CLANG_WARN_COMMA = YES;
				CLANG_WARN_CONSTANT_CONVERSION = YES;
				CLANG_WARN_DEPRECATED_OBJC_IMPLEMENTATIONS = YES;
				CLANG_WARN_DIRECT_OBJC_ISA_USAGE = YES_ERROR;
				CLANG_WARN_DOCUMENTATION_COMMENTS = YES;
				CLANG_WARN_EMPTY_BODY = YES;
				CLANG_WARN_ENUM_CONVERSION = YES;
				CLANG_WARN_INFINITE_RECURSION = YES;
				CLANG_WARN_INT_CONVERSION = YES;
				CLANG_WARN_NON_LITERAL_NULL_CONVERSION = YES;
				CLANG_WARN_OBJC_IMPLICIT_RETAIN_SELF = YES;
				CLANG_WARN_OBJC_LITERAL_CONVERSION = YES;
				CLANG_WARN_OBJC_ROOT_CLASS = YES_ERROR;
				CLANG_WARN_QUOTED_INCLUDE_IN_FRAMEWORK_HEADER = YES;
				CLANG_WARN_RANGE_LOOP_ANALYSIS = YES;
				CLANG_WARN_STRICT_PROTOTYPES = YES;
				CLANG_WARN_SUSPICIOUS_MOVE = YES;
				CLANG_WARN_UNGUARDED_AVAILABILITY = YES_AGGRESSIVE;
				CLANG_WARN_UNREACHABLE_CODE = YES;
				CLANG_WARN__DUPLICATE_METHOD_MATCH = YES;
				COPY_PHASE_STRIP = NO;
				DEBUG_INFORMATION_FORMAT = dwarf;
				ENABLE_STRICT_OBJC_MSGSEND = YES;
				ENABLE_TESTABILITY = YES;
				ENABLE_USER_SCRIPT_SANDBOXING = YES;
				GCC_C_LANGUAGE_STANDARD = gnu17;
				GCC_DYNAMIC_NO_PIC = NO;
				GCC_NO_COMMON_BLOCKS = YES;
				GCC_OPTIMIZATION_LEVEL = 0;
				GCC_PREPROCESSOR_DEFINITIONS = (
					"DEBUG=1",
					"$(inherited)",
				);
				GCC_WARN_64_TO_32_BIT_CONVERSION = YES;
				GCC_WARN_ABOUT_RETURN_TYPE = YES_ERROR;
				GCC_WARN_UNDECLARED_SELECTOR = YES;
				GCC_WARN_UNINITIALIZED_AUTOS = YES_AGGRESSIVE;
				GCC_WARN_UNUSED_FUNCTION = YES;
				GCC_WARN_UNUSED_VARIABLE = YES;
				IPHONEOS_DEPLOYMENT_TARGET = 17.5;
				LOCALIZATION_PREFERS_STRING_CATALOGS = YES;
				MTL_ENABLE_DEBUG_INFO = INCLUDE_SOURCE;
				MTL_FAST_MATH = YES;
				ONLY_ACTIVE_ARCH = YES;
				SDKROOT = iphoneos;
				SWIFT_ACTIVE_COMPILATION_CONDITIONS = "DEBUG $(inherited)";
				SWIFT_OPTIMIZATION_LEVEL = "-Onone";
			};
			name = Debug;
		};
		1F912F352C2B42BF005F8A2A /* Release */ = {
			isa = XCBuildConfiguration;
			buildSettings = {
				ALWAYS_SEARCH_USER_PATHS = NO;
				ASSETCATALOG_COMPILER_GENERATE_SWIFT_ASSET_SYMBOL_EXTENSIONS = YES;
				CLANG_ANALYZER_NONNULL = YES;
				CLANG_ANALYZER_NUMBER_OBJECT_CONVERSION = YES_AGGRESSIVE;
				CLANG_CXX_LANGUAGE_STANDARD = "gnu++20";
				CLANG_ENABLE_MODULES = YES;
				CLANG_ENABLE_OBJC_ARC = YES;
				CLANG_ENABLE_OBJC_WEAK = YES;
				CLANG_WARN_BLOCK_CAPTURE_AUTORELEASING = YES;
				CLANG_WARN_BOOL_CONVERSION = YES;
				CLANG_WARN_COMMA = YES;
				CLANG_WARN_CONSTANT_CONVERSION = YES;
				CLANG_WARN_DEPRECATED_OBJC_IMPLEMENTATIONS = YES;
				CLANG_WARN_DIRECT_OBJC_ISA_USAGE = YES_ERROR;
				CLANG_WARN_DOCUMENTATION_COMMENTS = YES;
				CLANG_WARN_EMPTY_BODY = YES;
				CLANG_WARN_ENUM_CONVERSION = YES;
				CLANG_WARN_INFINITE_RECURSION = YES;
				CLANG_WARN_INT_CONVERSION = YES;
				CLANG_WARN_NON_LITERAL_NULL_CONVERSION = YES;
				CLANG_WARN_OBJC_IMPLICIT_RETAIN_SELF = YES;
				CLANG_WARN_OBJC_LITERAL_CONVERSION = YES;
				CLANG_WARN_OBJC_ROOT_CLASS = YES_ERROR;
				CLANG_WARN_QUOTED_INCLUDE_IN_FRAMEWORK_HEADER = YES;
				CLANG_WARN_RANGE_LOOP_ANALYSIS = YES;
				CLANG_WARN_STRICT_PROTOTYPES = YES;
				CLANG_WARN_SUSPICIOUS_MOVE = YES;
				CLANG_WARN_UNGUARDED_AVAILABILITY = YES_AGGRESSIVE;
				CLANG_WARN_UNREACHABLE_CODE = YES;
				CLANG_WARN__DUPLICATE_METHOD_MATCH = YES;
				COPY_PHASE_STRIP = NO;
				DEBUG_INFORMATION_FORMAT = "dwarf-with-dsym";
				ENABLE_NS_ASSERTIONS = NO;
				ENABLE_STRICT_OBJC_MSGSEND = YES;
				ENABLE_USER_SCRIPT_SANDBOXING = YES;
				GCC_C_LANGUAGE_STANDARD = gnu17;
				GCC_NO_COMMON_BLOCKS = YES;
				GCC_WARN_64_TO_32_BIT_CONVERSION = YES;
				GCC_WARN_ABOUT_RETURN_TYPE = YES_ERROR;
				GCC_WARN_UNDECLARED_SELECTOR = YES;
				GCC_WARN_UNINITIALIZED_AUTOS = YES_AGGRESSIVE;
				GCC_WARN_UNUSED_FUNCTION = YES;
				GCC_WARN_UNUSED_VARIABLE = YES;
				IPHONEOS_DEPLOYMENT_TARGET = 17.5;
				LOCALIZATION_PREFERS_STRING_CATALOGS = YES;
				MTL_ENABLE_DEBUG_INFO = NO;
				MTL_FAST_MATH = YES;
				SDKROOT = iphoneos;
				SWIFT_COMPILATION_MODE = wholemodule;
				VALIDATE_PRODUCT = YES;
			};
			name = Release;
		};
		1F912F372C2B42BF005F8A2A /* Debug */ = {
			isa = XCBuildConfiguration;
			buildSettings = {
				ASSETCATALOG_COMPILER_APPICON_NAME = AppIcon;
				ASSETCATALOG_COMPILER_GLOBAL_ACCENT_COLOR_NAME = AccentColor;
				CODE_SIGN_STYLE = Automatic;
				CURRENT_PROJECT_VERSION = 1;
				GENERATE_INFOPLIST_FILE = YES;
				INFOPLIST_FILE = AQIndex/Info.plist;
				INFOPLIST_KEY_NSLocationUsageDescription = "Needed for customizing air index info";
				INFOPLIST_KEY_NSLocationWhenInUseUsageDescription = "Needed for customizing air index info";
				INFOPLIST_KEY_UIApplicationSupportsIndirectInputEvents = YES;
				INFOPLIST_KEY_UILaunchStoryboardName = LaunchScreen;
				INFOPLIST_KEY_UIMainStoryboardFile = "";
				INFOPLIST_KEY_UISupportedInterfaceOrientations_iPad = "UIInterfaceOrientationPortrait UIInterfaceOrientationPortraitUpsideDown UIInterfaceOrientationLandscapeLeft UIInterfaceOrientationLandscapeRight";
				INFOPLIST_KEY_UISupportedInterfaceOrientations_iPhone = "UIInterfaceOrientationPortrait UIInterfaceOrientationLandscapeLeft UIInterfaceOrientationLandscapeRight";
				LD_RUNPATH_SEARCH_PATHS = (
					"$(inherited)",
					"@executable_path/Frameworks",
				);
				MARKETING_VERSION = 1.0;
				PRODUCT_BUNDLE_IDENTIFIER = Penn.AQIndex;
				PRODUCT_NAME = "$(TARGET_NAME)";
				SWIFT_EMIT_LOC_STRINGS = YES;
				SWIFT_VERSION = 5.0;
				TARGETED_DEVICE_FAMILY = "1,2";
			};
			name = Debug;
		};
		1F912F382C2B42BF005F8A2A /* Release */ = {
			isa = XCBuildConfiguration;
			buildSettings = {
				ASSETCATALOG_COMPILER_APPICON_NAME = AppIcon;
				ASSETCATALOG_COMPILER_GLOBAL_ACCENT_COLOR_NAME = AccentColor;
				CODE_SIGN_STYLE = Automatic;
				CURRENT_PROJECT_VERSION = 1;
				GENERATE_INFOPLIST_FILE = YES;
				INFOPLIST_FILE = AQIndex/Info.plist;
				INFOPLIST_KEY_NSLocationUsageDescription = "Needed for customizing air index info";
				INFOPLIST_KEY_NSLocationWhenInUseUsageDescription = "Needed for customizing air index info";
				INFOPLIST_KEY_UIApplicationSupportsIndirectInputEvents = YES;
				INFOPLIST_KEY_UILaunchStoryboardName = LaunchScreen;
				INFOPLIST_KEY_UIMainStoryboardFile = "";
				INFOPLIST_KEY_UISupportedInterfaceOrientations_iPad = "UIInterfaceOrientationPortrait UIInterfaceOrientationPortraitUpsideDown UIInterfaceOrientationLandscapeLeft UIInterfaceOrientationLandscapeRight";
				INFOPLIST_KEY_UISupportedInterfaceOrientations_iPhone = "UIInterfaceOrientationPortrait UIInterfaceOrientationLandscapeLeft UIInterfaceOrientationLandscapeRight";
				LD_RUNPATH_SEARCH_PATHS = (
					"$(inherited)",
					"@executable_path/Frameworks",
				);
				MARKETING_VERSION = 1.0;
				PRODUCT_BUNDLE_IDENTIFIER = Penn.AQIndex;
				PRODUCT_NAME = "$(TARGET_NAME)";
				SWIFT_EMIT_LOC_STRINGS = YES;
				SWIFT_VERSION = 5.0;
				TARGETED_DEVICE_FAMILY = "1,2";
			};
			name = Release;
		};
		1F912F3A2C2B42BF005F8A2A /* Debug */ = {
			isa = XCBuildConfiguration;
			buildSettings = {
				ALWAYS_EMBED_SWIFT_STANDARD_LIBRARIES = YES;
				BUNDLE_LOADER = "$(TEST_HOST)";
				CODE_SIGN_STYLE = Automatic;
				CURRENT_PROJECT_VERSION = 1;
				GENERATE_INFOPLIST_FILE = YES;
				IPHONEOS_DEPLOYMENT_TARGET = 17.5;
				MARKETING_VERSION = 1.0;
				PRODUCT_BUNDLE_IDENTIFIER = Penn.AQIndexTests;
				PRODUCT_NAME = "$(TARGET_NAME)";
				SWIFT_EMIT_LOC_STRINGS = NO;
				SWIFT_VERSION = 5.0;
				TARGETED_DEVICE_FAMILY = "1,2";
				TEST_HOST = "$(BUILT_PRODUCTS_DIR)/AQIndex.app/$(BUNDLE_EXECUTABLE_FOLDER_PATH)/AQIndex";
			};
			name = Debug;
		};
		1F912F3B2C2B42BF005F8A2A /* Release */ = {
			isa = XCBuildConfiguration;
			buildSettings = {
				ALWAYS_EMBED_SWIFT_STANDARD_LIBRARIES = YES;
				BUNDLE_LOADER = "$(TEST_HOST)";
				CODE_SIGN_STYLE = Automatic;
				CURRENT_PROJECT_VERSION = 1;
				GENERATE_INFOPLIST_FILE = YES;
				IPHONEOS_DEPLOYMENT_TARGET = 17.5;
				MARKETING_VERSION = 1.0;
				PRODUCT_BUNDLE_IDENTIFIER = Penn.AQIndexTests;
				PRODUCT_NAME = "$(TARGET_NAME)";
				SWIFT_EMIT_LOC_STRINGS = NO;
				SWIFT_VERSION = 5.0;
				TARGETED_DEVICE_FAMILY = "1,2";
				TEST_HOST = "$(BUILT_PRODUCTS_DIR)/AQIndex.app/$(BUNDLE_EXECUTABLE_FOLDER_PATH)/AQIndex";
			};
			name = Release;
		};
/* End XCBuildConfiguration section */

/* Begin XCConfigurationList section */
		1F912F072C2B42BE005F8A2A /* Build configuration list for PBXProject "AQIndex" */ = {
			isa = XCConfigurationList;
			buildConfigurations = (
				1F912F342C2B42BF005F8A2A /* Debug */,
				1F912F352C2B42BF005F8A2A /* Release */,
			);
			defaultConfigurationIsVisible = 0;
			defaultConfigurationName = Release;
		};
		1F912F362C2B42BF005F8A2A /* Build configuration list for PBXNativeTarget "AQIndex" */ = {
			isa = XCConfigurationList;
			buildConfigurations = (
				1F912F372C2B42BF005F8A2A /* Debug */,
				1F912F382C2B42BF005F8A2A /* Release */,
			);
			defaultConfigurationIsVisible = 0;
			defaultConfigurationName = Release;
		};
		1F912F392C2B42BF005F8A2A /* Build configuration list for PBXNativeTarget "AQIndexTests" */ = {
			isa = XCConfigurationList;
			buildConfigurations = (
				1F912F3A2C2B42BF005F8A2A /* Debug */,
				1F912F3B2C2B42BF005F8A2A /* Release */,
			);
			defaultConfigurationIsVisible = 0;
			defaultConfigurationName = Release;
		};
/* End XCConfigurationList section */
	};
	rootObject = 1F912F042C2B42BE005F8A2A /* Project object */;
}
